
Microsoft Visual Studio Solution File, Format Version 12.00
# Visual Studio 15
VisualStudioVersion = 15.0.28010.2048
MinimumVisualStudioVersion = 10.0.40219.1
Project("{FAE04EC0-301F-11D3-BF4B-00C04F79EFBC}") = "VueInvoice", "VueInvoice\VueInvoice.csproj", "{A7B41ED7-BE92-4199-B496-68057661579E}"
EndProject
Global
	GlobalSection(SolutionConfigurationPlatforms) = preSolution
		Debug|Any CPU = Debug|Any CPU
		Release|Any CPU = Release|Any CPU
	EndGlobalSection
	GlobalSection(ProjectConfigurationPlatforms) = postSolution
		{A7B41ED7-BE92-4199-B496-68057661579E}.Debug|Any CPU.ActiveCfg = Debug|Any CPU
		{A7B41ED7-BE92-4199-B496-68057661579E}.Debug|Any CPU.Build.0 = Debug|Any CPU
		{A7B41ED7-BE92-4199-B496-68057661579E}.Release|Any CPU.ActiveCfg = Release|Any CPU
		{A7B41ED7-BE92-4199-B496-68057661579E}.Release|Any CPU.Build.0 = Release|Any CPU
	EndGlobalSection
	GlobalSection(SolutionProperties) = preSolution
		HideSolutionNode = FALSE
	EndGlobalSection
	GlobalSection(ExtensibilityGlobals) = postSolution
		SolutionGuid = {A0B2EEC6-4F53-4F0D-81A6-5733CD8E7F64}
	EndGlobalSection
EndGlobal
